
Microsoft Visual Studio Solution File, Format Version 12.00
# Visual Studio Version 17
VisualStudioVersion = 17.11.35208.52
MinimumVisualStudioVersion = 10.0.40219.1
Project("{FAE04EC0-301F-11D3-BF4B-00C04F79EFBC}") = "task1", "task1\task1.csproj", "{F33500B1-6958-4F4E-8A16-D4370E379AF9}"
EndProject
Project("{FAE04EC0-301F-11D3-BF4B-00C04F79EFBC}") = "task2", "task2\task2.csproj", "{4FA8FE46-6BC5-403A-B06A-1158C4C0361C}"
EndProject
Project("{FAE04EC0-301F-11D3-BF4B-00C04F79EFBC}") = "task3", "task3\task3.csproj", "{423EDC2A-1133-4D71-B6F9-386AA0D0E7E7}"
EndProject
Global
	GlobalSection(SolutionConfigurationPlatforms) = preSolution
		Debug|Any CPU = Debug|Any CPU
		Release|Any CPU = Release|Any CPU
	EndGlobalSection
	GlobalSection(ProjectConfigurationPlatforms) = postSolution
		{F33500B1-6958-4F4E-8A16-D4370E379AF9}.Debug|Any CPU.ActiveCfg = Debug|Any CPU
		{F33500B1-6958-4F4E-8A16-D4370E379AF9}.Debug|Any CPU.Build.0 = Debug|Any CPU
		{F33500B1-6958-4F4E-8A16-D4370E379AF9}.Release|Any CPU.ActiveCfg = Release|Any CPU
		{F33500B1-6958-4F4E-8A16-D4370E379AF9}.Release|Any CPU.Build.0 = Release|Any CPU
		{4FA8FE46-6BC5-403A-B06A-1158C4C0361C}.Debug|Any CPU.ActiveCfg = Debug|Any CPU
		{4FA8FE46-6BC5-403A-B06A-1158C4C0361C}.Debug|Any CPU.Build.0 = Debug|Any CPU
		{4FA8FE46-6BC5-403A-B06A-1158C4C0361C}.Release|Any CPU.ActiveCfg = Release|Any CPU
		{4FA8FE46-6BC5-403A-B06A-1158C4C0361C}.Release|Any CPU.Build.0 = Release|Any CPU
		{423EDC2A-1133-4D71-B6F9-386AA0D0E7E7}.Debug|Any CPU.ActiveCfg = Debug|Any CPU
		{423EDC2A-1133-4D71-B6F9-386AA0D0E7E7}.Debug|Any CPU.Build.0 = Debug|Any CPU
		{423EDC2A-1133-4D71-B6F9-386AA0D0E7E7}.Release|Any CPU.ActiveCfg = Release|Any CPU
		{423EDC2A-1133-4D71-B6F9-386AA0D0E7E7}.Release|Any CPU.Build.0 = Release|Any CPU
	EndGlobalSection
	GlobalSection(SolutionProperties) = preSolution
		HideSolutionNode = FALSE
	EndGlobalSection
	GlobalSection(ExtensibilityGlobals) = postSolution
		SolutionGuid = {460B8DD3-20C1-467B-9F83-62E3B8C7E5D4}
	EndGlobalSection
EndGlobal
